
Microsoft Visual Studio Solution File, Format Version 12.00
# Visual Studio Version 17
VisualStudioVersion = 17.2.32630.192
MinimumVisualStudioVersion = 10.0.40219.1
Project("{9A19103F-16F7-4668-BE54-9A1E7A4F7556}") = "PhoneApp.Server", "PhoneApp\Server\PhoneApp.Server.csproj", "{7AB8E496-D678-4BB1-A509-5B049964AD24}"
EndProject
Project("{9A19103F-16F7-4668-BE54-9A1E7A4F7556}") = "PhoneApp.Client", "PhoneApp\Client\PhoneApp.Client.csproj", "{76A10F51-D4E2-49A6-947B-07D067505E57}"
EndProject
Project("{9A19103F-16F7-4668-BE54-9A1E7A4F7556}") = "PhoneApp.Shared", "PhoneApp\Shared\PhoneApp.Shared.csproj", "{8468D60F-7B1A-4453-8987-B0CDC79F344D}"
EndProject
Global
	GlobalSection(SolutionConfigurationPlatforms) = preSolution
		Debug|Any CPU = Debug|Any CPU
		Release|Any CPU = Release|Any CPU
	EndGlobalSection
	GlobalSection(ProjectConfigurationPlatforms) = postSolution
		{7AB8E496-D678-4BB1-A509-5B049964AD24}.Debug|Any CPU.ActiveCfg = Debug|Any CPU
		{7AB8E496-D678-4BB1-A509-5B049964AD24}.Debug|Any CPU.Build.0 = Debug|Any CPU
		{7AB8E496-D678-4BB1-A509-5B049964AD24}.Release|Any CPU.ActiveCfg = Release|Any CPU
		{7AB8E496-D678-4BB1-A509-5B049964AD24}.Release|Any CPU.Build.0 = Release|Any CPU
		{76A10F51-D4E2-49A6-947B-07D067505E57}.Debug|Any CPU.ActiveCfg = Debug|Any CPU
		{76A10F51-D4E2-49A6-947B-07D067505E57}.Debug|Any CPU.Build.0 = Debug|Any CPU
		{76A10F51-D4E2-49A6-947B-07D067505E57}.Release|Any CPU.ActiveCfg = Release|Any CPU
		{76A10F51-D4E2-49A6-947B-07D067505E57}.Release|Any CPU.Build.0 = Release|Any CPU
		{8468D60F-7B1A-4453-8987-B0CDC79F344D}.Debug|Any CPU.ActiveCfg = Debug|Any CPU
		{8468D60F-7B1A-4453-8987-B0CDC79F344D}.Debug|Any CPU.Build.0 = Debug|Any CPU
		{8468D60F-7B1A-4453-8987-B0CDC79F344D}.Release|Any CPU.ActiveCfg = Release|Any CPU
		{8468D60F-7B1A-4453-8987-B0CDC79F344D}.Release|Any CPU.Build.0 = Release|Any CPU
	EndGlobalSection
	GlobalSection(SolutionProperties) = preSolution
		HideSolutionNode = FALSE
	EndGlobalSection
	GlobalSection(ExtensibilityGlobals) = postSolution
		SolutionGuid = {FC1A678B-C939-4478-BE6C-EFE328B8A1E6}
	EndGlobalSection
EndGlobal
